{
  "name": "frontendtea",
  "version": "1.0.1",
  "lockfileVersion": 3,
  "requires": true,
  "packages": {
    "": {
      "name": "frontendtea",
      "version": "1.0.1",
      "license": "MIT",
      "dependencies": {
        "frontendtea": "^1.0.1",
        "obteamonomah": "^1.0.0"
      }
    },
    "node_modules/frontendtea": {
      "version": "1.0.1",
      "resolved": "https://registry.npmjs.org/frontendtea/-/frontendtea-1.0.1.tgz",
      "integrity": "sha512-KwSjNK2UsojOwsCEVsKo7DtXaqfCll9sPxLoytHShetSmI4VgDjG/EBSgD7lVkbPecGl+mx3wt2G7A3gmgq/3g==",
      "dependencies": {
        "obteamonomah": "^1.0.0"
      }
    },
    "node_modules/obteamonomah": {
      "version": "1.0.0",
      "resolved": "https://registry.npmjs.org/obteamonomah/-/obteamonomah-1.0.0.tgz",
      "integrity": "sha512-sqLpAr/QmpkpC2Uno47Grff9cSv7J4khgmR7pfM4TfKWwbLdVBnNSFbtu/ANn4aHikqFgJOq8rOaDKFVPQuhFQ=="
    }
  }
}
