{
  "name": "frontendtea",
  "version": "1.0.0",
  "lockfileVersion": 3,
  "requires": true,
  "packages": {
    "": {
      "name": "frontendtea",
      "version": "1.0.0",
      "license": "MIT",
      "dependencies": {
        "obteamonomah": "^1.0.0"
      }
    },
    "node_modules/obteamonomah": {
      "version": "1.0.0",
      "resolved": "https://registry.npmjs.org/obteamonomah/-/obteamonomah-1.0.0.tgz",
      "integrity": "sha512-sqLpAr/QmpkpC2Uno47Grff9cSv7J4khgmR7pfM4TfKWwbLdVBnNSFbtu/ANn4aHikqFgJOq8rOaDKFVPQuhFQ=="
    }
  }
}
